# This file is automatically @generated by Cargo.
# It is not intended for manual editing.
version = 4

[[package]]
name = "borrowing"
version = "0.1.0"
dependencies = [
 "utils",
]

[[package]]
name = "control-flow"
version = "0.1.0"
dependencies = [
 "utils",
]

[[package]]
name = "hello-world"
version = "0.1.0"

[[package]]
name = "ownership"
version = "0.1.0"
dependencies = [
 "utils",
]

[[package]]
name = "rectangle"
version = "0.1.0"

[[package]]
name = "utils"
version = "0.1.0"

[[package]]
name = "variables"
version = "0.1.0"
